
Microsoft Visual Studio Solution File, Format Version 12.00
# Visual Studio Version 17
VisualStudioVersion = 17.11.35327.3
MinimumVisualStudioVersion = 10.0.40219.1
Project("{9A19103F-16F7-4668-BE54-9A1E7A4F7556}") = "DisputeReconciliation", "DisputeReconciliation\DisputeReconciliation.csproj", "{6446E471-969C-4DA4-B946-3FF1576F0541}"
EndProject
Project("{9A19103F-16F7-4668-BE54-9A1E7A4F7556}") = "DisputeReconciliation.Core", "DisputeReconciliation.Core\DisputeReconciliation.Core.csproj", "{7E6DBA5E-7AF8-433D-91CD-47B4682B4C26}"
EndProject
Project("{FAE04EC0-301F-11D3-BF4B-00C04F79EFBC}") = "DisputeReconciliation.Tests", "DisputeReconciliation.Tests\DisputeReconciliation.Tests.csproj", "{7449CAEF-63CC-41DE-A36A-6952E08780CD}"
EndProject
Global
	GlobalSection(SolutionConfigurationPlatforms) = preSolution
		Debug|Any CPU = Debug|Any CPU
		Release|Any CPU = Release|Any CPU
	EndGlobalSection
	GlobalSection(ProjectConfigurationPlatforms) = postSolution
		{6446E471-969C-4DA4-B946-3FF1576F0541}.Debug|Any CPU.ActiveCfg = Debug|Any CPU
		{6446E471-969C-4DA4-B946-3FF1576F0541}.Debug|Any CPU.Build.0 = Debug|Any CPU
		{6446E471-969C-4DA4-B946-3FF1576F0541}.Release|Any CPU.ActiveCfg = Release|Any CPU
		{6446E471-969C-4DA4-B946-3FF1576F0541}.Release|Any CPU.Build.0 = Release|Any CPU
		{7E6DBA5E-7AF8-433D-91CD-47B4682B4C26}.Debug|Any CPU.ActiveCfg = Debug|Any CPU
		{7E6DBA5E-7AF8-433D-91CD-47B4682B4C26}.Debug|Any CPU.Build.0 = Debug|Any CPU
		{7E6DBA5E-7AF8-433D-91CD-47B4682B4C26}.Release|Any CPU.ActiveCfg = Release|Any CPU
		{7E6DBA5E-7AF8-433D-91CD-47B4682B4C26}.Release|Any CPU.Build.0 = Release|Any CPU
		{7449CAEF-63CC-41DE-A36A-6952E08780CD}.Debug|Any CPU.ActiveCfg = Debug|Any CPU
		{7449CAEF-63CC-41DE-A36A-6952E08780CD}.Debug|Any CPU.Build.0 = Debug|Any CPU
		{7449CAEF-63CC-41DE-A36A-6952E08780CD}.Release|Any CPU.ActiveCfg = Release|Any CPU
		{7449CAEF-63CC-41DE-A36A-6952E08780CD}.Release|Any CPU.Build.0 = Release|Any CPU
	EndGlobalSection
	GlobalSection(SolutionProperties) = preSolution
		HideSolutionNode = FALSE
	EndGlobalSection
	GlobalSection(ExtensibilityGlobals) = postSolution
		SolutionGuid = {08142350-449C-44EF-92DE-E59341B8BCE4}
	EndGlobalSection
EndGlobal
